
Microsoft Visual Studio Solution File, Format Version 12.00
# Visual Studio Version 16
VisualStudioVersion = 16.0.30503.244
MinimumVisualStudioVersion = 10.0.40219.1
Project("{FAE04EC0-301F-11D3-BF4B-00C04F79EFBC}") = "CustomAuthenticationMVC", "CustomAuthenticationMVC\CustomAuthenticationMVC.csproj", "{94733A94-9329-4742-B4E8-3BAACEFD622A}"
EndProject
Global
	GlobalSection(SolutionConfigurationPlatforms) = preSolution
		Debug|Any CPU = Debug|Any CPU
		Release|Any CPU = Release|Any CPU
	EndGlobalSection
	GlobalSection(ProjectConfigurationPlatforms) = postSolution
		{94733A94-9329-4742-B4E8-3BAACEFD622A}.Debug|Any CPU.ActiveCfg = Debug|Any CPU
		{94733A94-9329-4742-B4E8-3BAACEFD622A}.Debug|Any CPU.Build.0 = Debug|Any CPU
		{94733A94-9329-4742-B4E8-3BAACEFD622A}.Release|Any CPU.ActiveCfg = Release|Any CPU
		{94733A94-9329-4742-B4E8-3BAACEFD622A}.Release|Any CPU.Build.0 = Release|Any CPU
	EndGlobalSection
	GlobalSection(SolutionProperties) = preSolution
		HideSolutionNode = FALSE
	EndGlobalSection
	GlobalSection(ExtensibilityGlobals) = postSolution
		SolutionGuid = {6FA83D58-89CF-42EE-AC24-6821F7F69E6B}
	EndGlobalSection
EndGlobal
